
Microsoft Visual Studio Solution File, Format Version 12.00
# Visual Studio Version 16
VisualStudioVersion = 25.0.1704.0
MinimumVisualStudioVersion = 10.0.40219.1
Project("{FAE04EC0-301F-11D3-BF4B-00C04F79EFBC}") = "Multiformats", "src\Multiformats.csproj", "{AE3F3D78-ED8A-46FF-BC67-9657428404A7}"
EndProject
Project("{FAE04EC0-301F-11D3-BF4B-00C04F79EFBC}") = "Multiformats.Tests", "tests\Multiformats.Tests.csproj", "{9F230619-44DF-44D1-84AA-D9E85F6DDBA5}"
EndProject
Global
	GlobalSection(SolutionConfigurationPlatforms) = preSolution
		Debug|Any CPU = Debug|Any CPU
		Release|Any CPU = Release|Any CPU
	EndGlobalSection
	GlobalSection(ProjectConfigurationPlatforms) = postSolution
		{AE3F3D78-ED8A-46FF-BC67-9657428404A7}.Debug|Any CPU.ActiveCfg = Debug|Any CPU
		{AE3F3D78-ED8A-46FF-BC67-9657428404A7}.Debug|Any CPU.Build.0 = Debug|Any CPU
		{AE3F3D78-ED8A-46FF-BC67-9657428404A7}.Release|Any CPU.ActiveCfg = Release|Any CPU
		{AE3F3D78-ED8A-46FF-BC67-9657428404A7}.Release|Any CPU.Build.0 = Release|Any CPU
		{9F230619-44DF-44D1-84AA-D9E85F6DDBA5}.Debug|Any CPU.ActiveCfg = Debug|Any CPU
		{9F230619-44DF-44D1-84AA-D9E85F6DDBA5}.Debug|Any CPU.Build.0 = Debug|Any CPU
		{9F230619-44DF-44D1-84AA-D9E85F6DDBA5}.Release|Any CPU.ActiveCfg = Release|Any CPU
		{9F230619-44DF-44D1-84AA-D9E85F6DDBA5}.Release|Any CPU.Build.0 = Release|Any CPU
	EndGlobalSection
	GlobalSection(SolutionProperties) = preSolution
		HideSolutionNode = FALSE
	EndGlobalSection
	GlobalSection(ExtensibilityGlobals) = postSolution
		SolutionGuid = {3A4D15D1-2398-400E-AA9E-AB8B8B34BE9E}
	EndGlobalSection
EndGlobal
